
Microsoft Visual Studio Solution File, Format Version 11.00
# Visual Studio 2010
Project("{FAE04EC0-301F-11D3-BF4B-00C04F79EFBC}") = "Messim.UI", "Messim.UI\Messim.UI.csproj", "{B2EF9322-6CBE-4618-8CB4-96B4D08EB7AC}"
EndProject
Project("{FAE04EC0-301F-11D3-BF4B-00C04F79EFBC}") = "Messum.UI.Test", "Messum.UI.Test\Messum.UI.Test.csproj", "{0296860F-A451-463D-A7B4-AF227CA24BFD}"
EndProject
Project("{FAE04EC0-301F-11D3-BF4B-00C04F79EFBC}") = "Messim.Util", "Messim.Util\Messim.Util.csproj", "{5330C306-230E-47AC-BBAA-5A18CF477916}"
EndProject
Project("{FAE04EC0-301F-11D3-BF4B-00C04F79EFBC}") = "Messim.Util.Test", "Messim.Util.Test\Messim.Util.Test.csproj", "{EEEE9879-E92E-45AC-A796-A77A68EE45E3}"
EndProject
Global
	GlobalSection(SolutionConfigurationPlatforms) = preSolution
		Debug|Any CPU = Debug|Any CPU
		Release|Any CPU = Release|Any CPU
	EndGlobalSection
	GlobalSection(ProjectConfigurationPlatforms) = postSolution
		{B2EF9322-6CBE-4618-8CB4-96B4D08EB7AC}.Debug|Any CPU.ActiveCfg = Debug|Any CPU
		{B2EF9322-6CBE-4618-8CB4-96B4D08EB7AC}.Debug|Any CPU.Build.0 = Debug|Any CPU
		{B2EF9322-6CBE-4618-8CB4-96B4D08EB7AC}.Release|Any CPU.ActiveCfg = Release|Any CPU
		{B2EF9322-6CBE-4618-8CB4-96B4D08EB7AC}.Release|Any CPU.Build.0 = Release|Any CPU
		{0296860F-A451-463D-A7B4-AF227CA24BFD}.Debug|Any CPU.ActiveCfg = Debug|Any CPU
		{0296860F-A451-463D-A7B4-AF227CA24BFD}.Debug|Any CPU.Build.0 = Debug|Any CPU
		{0296860F-A451-463D-A7B4-AF227CA24BFD}.Release|Any CPU.ActiveCfg = Release|Any CPU
		{0296860F-A451-463D-A7B4-AF227CA24BFD}.Release|Any CPU.Build.0 = Release|Any CPU
		{5330C306-230E-47AC-BBAA-5A18CF477916}.Debug|Any CPU.ActiveCfg = Debug|Any CPU
		{5330C306-230E-47AC-BBAA-5A18CF477916}.Debug|Any CPU.Build.0 = Debug|Any CPU
		{5330C306-230E-47AC-BBAA-5A18CF477916}.Release|Any CPU.ActiveCfg = Release|Any CPU
		{5330C306-230E-47AC-BBAA-5A18CF477916}.Release|Any CPU.Build.0 = Release|Any CPU
		{EEEE9879-E92E-45AC-A796-A77A68EE45E3}.Debug|Any CPU.ActiveCfg = Debug|Any CPU
		{EEEE9879-E92E-45AC-A796-A77A68EE45E3}.Debug|Any CPU.Build.0 = Debug|Any CPU
		{EEEE9879-E92E-45AC-A796-A77A68EE45E3}.Release|Any CPU.ActiveCfg = Release|Any CPU
		{EEEE9879-E92E-45AC-A796-A77A68EE45E3}.Release|Any CPU.Build.0 = Release|Any CPU
	EndGlobalSection
	GlobalSection(SolutionProperties) = preSolution
		HideSolutionNode = FALSE
	EndGlobalSection
EndGlobal
